PODS:
  - AFNetworking (1.3.4)
  - HMSegmentedControl (1.5.1)
  - MBProgressHUD (0.9.1)
  - PhotoZoom (0.0.2)
  - RATreeView (1.0.1)
  - SDWebImage (3.7.2):
    - SDWebImage/Core
  - SDWebImage/Core (3.7.2)
  - SSCommon-Utilities (0.0.2)
  - SSKeychain (1.2.3)
  - TouchJSON (1.1)
  - UIAlertView-Blocks (1.0)
  - XHRefreshControl (3.8)
  - ZBarSDK (1.3.1)
  - ZBUtilities (0.0.4):
    - MBProgressHUD (~> 0.8)

DEPENDENCIES:
  - AFNetworking (~> 1.3.4)
  - HMSegmentedControl
  - PhotoZoom (~> 0.0.2)
  - RATreeView
  - SDWebImage (~> 3.7.1)
  - SSCommon-Utilities (from `https://github.com/Seven-Sun/SSCommon-Utilities.git`)
  - SSKeychain
  - TouchJSON
  - UIAlertView-Blocks (~> 1.0)
  - XHRefreshControl (~> 3.8)
  - ZBarSDK
  - ZBUtilities

EXTERNAL SOURCES:
  SSCommon-Utilities:
    :git: https://github.com/Seven-Sun/SSCommon-Utilities.git

SPEC CHECKSUMS:
  AFNetworking: cf8e418e16f0c9c7e5c3150d019a3c679d015018
  HMSegmentedControl: 35460abdd15c3087368db2d3d956717f088b34d1
  MBProgressHUD: c47f2c166c126cf2ce36498d80f33e754d4e93ad
  PhotoZoom: 6340eb2cc845b5bf1be42ba56f2ab357a68ce02f
  RATreeView: 84be5d5ddc34d4874f707c02de8b70fed18bb834
  SDWebImage: 71b7cdc1d1721d6a82ed62889030225f2c249e29
  SSCommon-Utilities: cc5259626dd0336255c780b993ee1c102bc90f12
  SSKeychain: 3f42991739c6c60a9cf1bbd4dff6c0d3694bcf3d
  TouchJSON: 39be3595ebe489095311d97ce0c824417324cb74
  UIAlertView-Blocks: 7904744fca618afbd2ec646608924f5e69d5acd1
  XHRefreshControl: 833db097933bedb76308c03e14b56664326fe603
  ZBarSDK: 4c1b5daeb7d6cc67dc9355e690af0230a661f6ec
  ZBUtilities: 7e81f4aa456d36139682446f2e8e4915cf127a6e

COCOAPODS: 0.34.4
