PODS:
  - AFNetworking (2.5.0):
    - AFNetworking/NSURLConnection
    - AFNetworking/NSURLSession
    - AFNetworking/Reachability
    - AFNetworking/Security
    - AFNetworking/Serialization
    - AFNetworking/UIKit
  - AFNetworking/NSURLConnection (2.5.0):
    - AFNetworking/Reachability
    - AFNetworking/Security
    - AFNetworking/Serialization
  - AFNetworking/NSURLSession (2.5.0):
    - AFNetworking/Reachability
    - AFNetworking/Security
    - AFNetworking/Serialization
  - AFNetworking/Reachability (2.5.0)
  - AFNetworking/Security (2.5.0)
  - AFNetworking/Serialization (2.5.0)
  - AFNetworking/UIKit (2.5.0):
    - AFNetworking/NSURLConnection
    - AFNetworking/NSURLSession
  - HMSegmentedControl (1.4.0)
  - MBProgressHUD (0.9)
  - RATreeView (0.9.2)
  - ZBUtilities (0.0.4):
    - MBProgressHUD (~> 0.8)

DEPENDENCIES:
  - AFNetworking
  - HMSegmentedControl
  - RATreeView
  - ZBUtilities

SPEC CHECKSUMS:
  AFNetworking: 0f54cb5d16ce38c1b76948faffb8d5fb705021c7
  HMSegmentedControl: c0517a8d4b80c978b8386f863f1c44729cfd7d6f
  MBProgressHUD: 2038dbcf3dce73215abed6001657043d53aa79a8
  RATreeView: f603a3854c9c56ac4f586fc26f1ac13af7c3d1ba
  ZBUtilities: 30a3c15d49e8d06e3118f1a2f65b362744bb47ba

COCOAPODS: 0.34.4
